// !$*UTF8*$!
{
	archiveVersion = 1;
	classes = {
	};
	objectVersion = 46;
	objects = {

/* Begin PBXBuildFile section */
		363DBC461890EA3500603068 /* Cocoa.framework in Frameworks */ = {isa = PBXBuildFile; fileRef = 363DBC451890EA3500603068 /* Cocoa.framework */; };
		363DBC501890EA3500603068 /* InfoPlist.strings in Resources */ = {isa = PBXBuildFile; fileRef = 363DBC4E1890EA3500603068 /* InfoPlist.strings */; };
		363DBC521890EA3500603068 /* main.m in Sources */ = {isa = PBXBuildFile; fileRef = 363DBC511890EA3500603068 /* main.m */; };
		363DBC561890EA3500603068 /* Credits.rtf in Resources */ = {isa = PBXBuildFile; fileRef = 363DBC541890EA3500603068 /* Credits.rtf */; };
		363DBC591890EA3500603068 /* luaavDocument.m in Sources */ = {isa = PBXBuildFile; fileRef = 363DBC581890EA3500603068 /* luaavDocument.m */; };
		363DBC5C1890EA3500603068 /* luaavDocument.xib in Resources */ = {isa = PBXBuildFile; fileRef = 363DBC5A1890EA3500603068 /* luaavDocument.xib */; };
		363DBC5F1890EA3600603068 /* MainMenu.xib in Resources */ = {isa = PBXBuildFile; fileRef = 363DBC5D1890EA3600603068 /* MainMenu.xib */; };
		363DBC611890EA3600603068 /* Images.xcassets in Resources */ = {isa = PBXBuildFile; fileRef = 363DBC601890EA3600603068 /* Images.xcassets */; };
		363DBC7D1890EAB400603068 /* icon.icns in Resources */ = {isa = PBXBuildFile; fileRef = 363DBC7C1890EAB400603068 /* icon.icns */; };
		363DBC8D1890F86800603068 /* luaavApp.m in Sources */ = {isa = PBXBuildFile; fileRef = 363DBC8C1890F86800603068 /* luaavApp.m */; };
		363DBC8F189105A400603068 /* WebKit.framework in Frameworks */ = {isa = PBXBuildFile; fileRef = 363DBC8E189105A400603068 /* WebKit.framework */; };
		36B2602618912BBD00BCB3CE /* luaavLog.m in Sources */ = {isa = PBXBuildFile; fileRef = 36B2602518912BBD00BCB3CE /* luaavLog.m */; };
		36B6A5CB189268A200869769 /* libluajit.a in Frameworks */ = {isa = PBXBuildFile; fileRef = 36B6A5C91892689100869769 /* libluajit.a */; };
		36B6A5D41892746000869769 /* developer.md in Resources */ = {isa = PBXBuildFile; fileRef = 36B6A5D31892746000869769 /* developer.md */; };
/* End PBXBuildFile section */

/* Begin PBXFileReference section */
		363DBC421890EA3500603068 /* LuaAV.app */ = {isa = PBXFileReference; explicitFileType = wrapper.application; includeInIndex = 0; path = LuaAV.app; sourceTree = BUILT_PRODUCTS_DIR; };
		363DBC451890EA3500603068 /* Cocoa.framework */ = {isa = PBXFileReference; lastKnownFileType = wrapper.framework; name = Cocoa.framework; path = System/Library/Frameworks/Cocoa.framework; sourceTree = SDKROOT; };
		363DBC481890EA3500603068 /* AppKit.framework */ = {isa = PBXFileReference; lastKnownFileType = wrapper.framework; name = AppKit.framework; path = System/Library/Frameworks/AppKit.framework; sourceTree = SDKROOT; };
		363DBC491890EA3500603068 /* CoreData.framework */ = {isa = PBXFileReference; lastKnownFileType = wrapper.framework; name = CoreData.framework; path = System/Library/Frameworks/CoreData.framework; sourceTree = SDKROOT; };
		363DBC4A1890EA3500603068 /* Foundation.framework */ = {isa = PBXFileReference; lastKnownFileType = wrapper.framework; name = Foundation.framework; path = System/Library/Frameworks/Foundation.framework; sourceTree = SDKROOT; };
		363DBC4D1890EA3500603068 /* AV-Info.plist */ = {isa = PBXFileReference; lastKnownFileType = text.plist.xml; path = "AV-Info.plist"; sourceTree = "<group>"; };
		363DBC4F1890EA3500603068 /* en */ = {isa = PBXFileReference; lastKnownFileType = text.plist.strings; name = en; path = en.lproj/InfoPlist.strings; sourceTree = "<group>"; };
		363DBC511890EA3500603068 /* main.m */ = {isa = PBXFileReference; lastKnownFileType = sourcecode.c.objc; path = main.m; sourceTree = "<group>"; };
		363DBC531890EA3500603068 /* AV-Prefix.pch */ = {isa = PBXFileReference; lastKnownFileType = sourcecode.c.h; path = "AV-Prefix.pch"; sourceTree = "<group>"; };
		363DBC551890EA3500603068 /* en */ = {isa = PBXFileReference; lastKnownFileType = text.rtf; name = en; path = en.lproj/Credits.rtf; sourceTree = "<group>"; };
		363DBC571890EA3500603068 /* luaavDocument.h */ = {isa = PBXFileReference; lastKnownFileType = sourcecode.c.h; path = luaavDocument.h; sourceTree = "<group>"; };
		363DBC581890EA3500603068 /* luaavDocument.m */ = {isa = PBXFileReference; lastKnownFileType = sourcecode.c.objc; path = luaavDocument.m; sourceTree = "<group>"; };
		363DBC5B1890EA3500603068 /* Base */ = {isa = PBXFileReference; lastKnownFileType = file.xib; name = Base; path = Base.lproj/luaavDocument.xib; sourceTree = "<group>"; };
		363DBC5E1890EA3600603068 /* Base */ = {isa = PBXFileReference; lastKnownFileType = file.xib; name = Base; path = Base.lproj/MainMenu.xib; sourceTree = "<group>"; };
		363DBC601890EA3600603068 /* Images.xcassets */ = {isa = PBXFileReference; lastKnownFileType = folder; path = Images.xcassets; sourceTree = "<group>"; };
		363DBC7C1890EAB400603068 /* icon.icns */ = {isa = PBXFileReference; lastKnownFileType = image.icns; path = icon.icns; sourceTree = "<group>"; };
		363DBC8B1890F86800603068 /* luaavApp.h */ = {isa = PBXFileReference; fileEncoding = 4; lastKnownFileType = sourcecode.c.h; path = luaavApp.h; sourceTree = "<group>"; };
		363DBC8C1890F86800603068 /* luaavApp.m */ = {isa = PBXFileReference; fileEncoding = 4; lastKnownFileType = sourcecode.c.objc; path = luaavApp.m; sourceTree = "<group>"; };
		363DBC8E189105A400603068 /* WebKit.framework */ = {isa = PBXFileReference; lastKnownFileType = wrapper.framework; name = WebKit.framework; path = System/Library/Frameworks/WebKit.framework; sourceTree = SDKROOT; };
		36B2602418912BBD00BCB3CE /* luaavLog.h */ = {isa = PBXFileReference; fileEncoding = 4; lastKnownFileType = sourcecode.c.h; path = luaavLog.h; sourceTree = "<group>"; };
		36B2602518912BBD00BCB3CE /* luaavLog.m */ = {isa = PBXFileReference; fileEncoding = 4; lastKnownFileType = sourcecode.c.objc; path = luaavLog.m; sourceTree = "<group>"; };
		36B6A5C11892689100869769 /* luajit */ = {isa = PBXFileReference; lastKnownFileType = "compiled.mach-o.executable"; path = luajit; sourceTree = "<group>"; };
		36B6A5C31892689100869769 /* lauxlib.h */ = {isa = PBXFileReference; lastKnownFileType = sourcecode.c.h; path = lauxlib.h; sourceTree = "<group>"; };
		36B6A5C41892689100869769 /* lua.h */ = {isa = PBXFileReference; lastKnownFileType = sourcecode.c.h; path = lua.h; sourceTree = "<group>"; };
		36B6A5C51892689100869769 /* luaconf.h */ = {isa = PBXFileReference; lastKnownFileType = sourcecode.c.h; path = luaconf.h; sourceTree = "<group>"; };
		36B6A5C61892689100869769 /* luajit.h */ = {isa = PBXFileReference; lastKnownFileType = sourcecode.c.h; path = luajit.h; sourceTree = "<group>"; };
		36B6A5C71892689100869769 /* lualib.h */ = {isa = PBXFileReference; lastKnownFileType = sourcecode.c.h; path = lualib.h; sourceTree = "<group>"; };
		36B6A5C91892689100869769 /* libluajit.a */ = {isa = PBXFileReference; lastKnownFileType = archive.ar; path = libluajit.a; sourceTree = "<group>"; };
		36B6A5D018926A2600869769 /* build_luajit_osx.sh */ = {isa = PBXFileReference; lastKnownFileType = text.script.sh; path = build_luajit_osx.sh; sourceTree = "<group>"; };
		36B6A5D31892746000869769 /* developer.md */ = {isa = PBXFileReference; fileEncoding = 4; lastKnownFileType = text; path = developer.md; sourceTree = "<group>"; };
/* End PBXFileReference section */

/* Begin PBXFrameworksBuildPhase section */
		363DBC3F1890EA3500603068 /* Frameworks */ = {
			isa = PBXFrameworksBuildPhase;
			buildActionMask = 2147483647;
			files = (
				363DBC8F189105A400603068 /* WebKit.framework in Frameworks */,
				363DBC461890EA3500603068 /* Cocoa.framework in Frameworks */,
				36B6A5CB189268A200869769 /* libluajit.a in Frameworks */,
			);
			runOnlyForDeploymentPostprocessing = 0;
		};
/* End PBXFrameworksBuildPhase section */

/* Begin PBXGroup section */
		363DBC391890EA3500603068 = {
			isa = PBXGroup;
			children = (
				36B6A5D31892746000869769 /* developer.md */,
				363DBC4B1890EA3500603068 /* AV */,
				363DBC441890EA3500603068 /* Frameworks */,
				36B6A5D018926A2600869769 /* build_luajit_osx.sh */,
				36B6A5BF1892689100869769 /* osx */,
				363DBC431890EA3500603068 /* Products */,
			);
			sourceTree = "<group>";
		};
		363DBC431890EA3500603068 /* Products */ = {
			isa = PBXGroup;
			children = (
				363DBC421890EA3500603068 /* LuaAV.app */,
			);
			name = Products;
			sourceTree = "<group>";
		};
		363DBC441890EA3500603068 /* Frameworks */ = {
			isa = PBXGroup;
			children = (
				363DBC8E189105A400603068 /* WebKit.framework */,
				363DBC451890EA3500603068 /* Cocoa.framework */,
				363DBC471890EA3500603068 /* Other Frameworks */,
			);
			name = Frameworks;
			sourceTree = "<group>";
		};
		363DBC471890EA3500603068 /* Other Frameworks */ = {
			isa = PBXGroup;
			children = (
				363DBC481890EA3500603068 /* AppKit.framework */,
				363DBC491890EA3500603068 /* CoreData.framework */,
				363DBC4A1890EA3500603068 /* Foundation.framework */,
			);
			name = "Other Frameworks";
			sourceTree = "<group>";
		};
		363DBC4B1890EA3500603068 /* AV */ = {
			isa = PBXGroup;
			children = (
				36B2602418912BBD00BCB3CE /* luaavLog.h */,
				36B2602518912BBD00BCB3CE /* luaavLog.m */,
				363DBC8B1890F86800603068 /* luaavApp.h */,
				363DBC8C1890F86800603068 /* luaavApp.m */,
				363DBC571890EA3500603068 /* luaavDocument.h */,
				363DBC581890EA3500603068 /* luaavDocument.m */,
				363DBC5A1890EA3500603068 /* luaavDocument.xib */,
				363DBC5D1890EA3600603068 /* MainMenu.xib */,
				363DBC601890EA3600603068 /* Images.xcassets */,
				363DBC4C1890EA3500603068 /* Supporting Files */,
			);
			path = AV;
			sourceTree = "<group>";
		};
		363DBC4C1890EA3500603068 /* Supporting Files */ = {
			isa = PBXGroup;
			children = (
				363DBC4D1890EA3500603068 /* AV-Info.plist */,
				363DBC4E1890EA3500603068 /* InfoPlist.strings */,
				363DBC511890EA3500603068 /* main.m */,
				363DBC7C1890EAB400603068 /* icon.icns */,
				363DBC531890EA3500603068 /* AV-Prefix.pch */,
				363DBC541890EA3500603068 /* Credits.rtf */,
			);
			name = "Supporting Files";
			sourceTree = "<group>";
		};
		36B6A5BF1892689100869769 /* osx */ = {
			isa = PBXGroup;
			children = (
				36B6A5C01892689100869769 /* bin */,
				36B6A5C21892689100869769 /* include */,
				36B6A5C81892689100869769 /* lib */,
			);
			path = osx;
			sourceTree = "<group>";
		};
		36B6A5C01892689100869769 /* bin */ = {
			isa = PBXGroup;
			children = (
				36B6A5C11892689100869769 /* luajit */,
			);
			path = bin;
			sourceTree = "<group>";
		};
		36B6A5C21892689100869769 /* include */ = {
			isa = PBXGroup;
			children = (
				36B6A5C31892689100869769 /* lauxlib.h */,
				36B6A5C41892689100869769 /* lua.h */,
				36B6A5C51892689100869769 /* luaconf.h */,
				36B6A5C61892689100869769 /* luajit.h */,
				36B6A5C71892689100869769 /* lualib.h */,
			);
			path = include;
			sourceTree = "<group>";
		};
		36B6A5C81892689100869769 /* lib */ = {
			isa = PBXGroup;
			children = (
				36B6A5C91892689100869769 /* libluajit.a */,
			);
			path = lib;
			sourceTree = "<group>";
		};
/* End PBXGroup section */

/* Begin PBXLegacyTarget section */
		36B6A5CC189269E100869769 /* libluajit.a */ = {
			isa = PBXLegacyTarget;
			buildArgumentsString = "$(ACTION)";
			buildConfigurationList = 36B6A5CD189269E100869769 /* Build configuration list for PBXLegacyTarget "libluajit.a" */;
			buildPhases = (
			);
			buildToolPath = ./build_luajit_osx.sh;
			dependencies = (
			);
			name = libluajit.a;
			passBuildSettingsInEnvironment = 1;
			productName = libluajit.a;
		};
/* End PBXLegacyTarget section */

/* Begin PBXNativeTarget section */
		363DBC411890EA3500603068 /* LuaAV */ = {
			isa = PBXNativeTarget;
			buildConfigurationList = 363DBC761890EA3600603068 /* Build configuration list for PBXNativeTarget "LuaAV" */;
			buildPhases = (
				363DBC3E1890EA3500603068 /* Sources */,
				363DBC3F1890EA3500603068 /* Frameworks */,
				363DBC401890EA3500603068 /* Resources */,
			);
			buildRules = (
			);
			dependencies = (
			);
			name = LuaAV;
			productName = AV;
			productReference = 363DBC421890EA3500603068 /* LuaAV.app */;
			productType = "com.apple.product-type.application";
		};
/* End PBXNativeTarget section */

/* Begin PBXProject section */
		363DBC3A1890EA3500603068 /* Project object */ = {
			isa = PBXProject;
			attributes = {
				CLASSPREFIX = luaav;
				LastUpgradeCheck = 0500;
				ORGANIZATIONNAME = LuaAV;
			};
			buildConfigurationList = 363DBC3D1890EA3500603068 /* Build configuration list for PBXProject "AV" */;
			compatibilityVersion = "Xcode 3.2";
			developmentRegion = English;
			hasScannedForEncodings = 0;
			knownRegions = (
				en,
				Base,
			);
			mainGroup = 363DBC391890EA3500603068;
			productRefGroup = 363DBC431890EA3500603068 /* Products */;
			projectDirPath = "";
			projectRoot = "";
			targets = (
				363DBC411890EA3500603068 /* LuaAV */,
				36B6A5CC189269E100869769 /* libluajit.a */,
			);
		};
/* End PBXProject section */

/* Begin PBXResourcesBuildPhase section */
		363DBC401890EA3500603068 /* Resources */ = {
			isa = PBXResourcesBuildPhase;
			buildActionMask = 2147483647;
			files = (
				36B6A5D41892746000869769 /* developer.md in Resources */,
				363DBC501890EA3500603068 /* InfoPlist.strings in Resources */,
				363DBC611890EA3600603068 /* Images.xcassets in Resources */,
				363DBC7D1890EAB400603068 /* icon.icns in Resources */,
				363DBC561890EA3500603068 /* Credits.rtf in Resources */,
				363DBC5C1890EA3500603068 /* luaavDocument.xib in Resources */,
				363DBC5F1890EA3600603068 /* MainMenu.xib in Resources */,
			);
			runOnlyForDeploymentPostprocessing = 0;
		};
/* End PBXResourcesBuildPhase section */

/* Begin PBXSourcesBuildPhase section */
		363DBC3E1890EA3500603068 /* Sources */ = {
			isa = PBXSourcesBuildPhase;
			buildActionMask = 2147483647;
			files = (
				363DBC591890EA3500603068 /* luaavDocument.m in Sources */,
				36B2602618912BBD00BCB3CE /* luaavLog.m in Sources */,
				363DBC8D1890F86800603068 /* luaavApp.m in Sources */,
				363DBC521890EA3500603068 /* main.m in Sources */,
			);
			runOnlyForDeploymentPostprocessing = 0;
		};
/* End PBXSourcesBuildPhase section */

/* Begin PBXVariantGroup section */
		363DBC4E1890EA3500603068 /* InfoPlist.strings */ = {
			isa = PBXVariantGroup;
			children = (
				363DBC4F1890EA3500603068 /* en */,
			);
			name = InfoPlist.strings;
			sourceTree = "<group>";
		};
		363DBC541890EA3500603068 /* Credits.rtf */ = {
			isa = PBXVariantGroup;
			children = (
				363DBC551890EA3500603068 /* en */,
			);
			name = Credits.rtf;
			sourceTree = "<group>";
		};
		363DBC5A1890EA3500603068 /* luaavDocument.xib */ = {
			isa = PBXVariantGroup;
			children = (
				363DBC5B1890EA3500603068 /* Base */,
			);
			name = luaavDocument.xib;
			sourceTree = "<group>";
		};
		363DBC5D1890EA3600603068 /* MainMenu.xib */ = {
			isa = PBXVariantGroup;
			children = (
				363DBC5E1890EA3600603068 /* Base */,
			);
			name = MainMenu.xib;
			sourceTree = "<group>";
		};
/* End PBXVariantGroup section */

/* Begin XCBuildConfiguration section */
		363DBC741890EA3600603068 /* Debug */ = {
			isa = XCBuildConfiguration;
			buildSettings = {
				ALWAYS_SEARCH_USER_PATHS = NO;
				CLANG_CXX_LANGUAGE_STANDARD = "gnu++0x";
				CLANG_CXX_LIBRARY = "libc++";
				CLANG_ENABLE_OBJC_ARC = YES;
				CLANG_WARN_BOOL_CONVERSION = YES;
				CLANG_WARN_CONSTANT_CONVERSION = YES;
				CLANG_WARN_DIRECT_OBJC_ISA_USAGE = YES_ERROR;
				CLANG_WARN_EMPTY_BODY = YES;
				CLANG_WARN_ENUM_CONVERSION = YES;
				CLANG_WARN_INT_CONVERSION = YES;
				CLANG_WARN_OBJC_ROOT_CLASS = YES_ERROR;
				CLANG_WARN__DUPLICATE_METHOD_MATCH = YES;
				COPY_PHASE_STRIP = NO;
				GCC_C_LANGUAGE_STANDARD = gnu99;
				GCC_DYNAMIC_NO_PIC = NO;
				GCC_ENABLE_OBJC_EXCEPTIONS = YES;
				GCC_OPTIMIZATION_LEVEL = 0;
				GCC_PREPROCESSOR_DEFINITIONS = (
					"DEBUG=1",
					"$(inherited)",
				);
				GCC_SYMBOLS_PRIVATE_EXTERN = NO;
				GCC_WARN_64_TO_32_BIT_CONVERSION = YES;
				GCC_WARN_ABOUT_RETURN_TYPE = YES_ERROR;
				GCC_WARN_UNDECLARED_SELECTOR = YES;
				GCC_WARN_UNINITIALIZED_AUTOS = YES;
				GCC_WARN_UNUSED_FUNCTION = YES;
				GCC_WARN_UNUSED_VARIABLE = YES;
				MACOSX_DEPLOYMENT_TARGET = 10.6;
				ONLY_ACTIVE_ARCH = YES;
				SDKROOT = macosx10.8;
			};
			name = Debug;
		};
		363DBC751890EA3600603068 /* Release */ = {
			isa = XCBuildConfiguration;
			buildSettings = {
				ALWAYS_SEARCH_USER_PATHS = NO;
				CLANG_CXX_LANGUAGE_STANDARD = "gnu++0x";
				CLANG_CXX_LIBRARY = "libc++";
				CLANG_ENABLE_OBJC_ARC = YES;
				CLANG_WARN_BOOL_CONVERSION = YES;
				CLANG_WARN_CONSTANT_CONVERSION = YES;
				CLANG_WARN_DIRECT_OBJC_ISA_USAGE = YES_ERROR;
				CLANG_WARN_EMPTY_BODY = YES;
				CLANG_WARN_ENUM_CONVERSION = YES;
				CLANG_WARN_INT_CONVERSION = YES;
				CLANG_WARN_OBJC_ROOT_CLASS = YES_ERROR;
				CLANG_WARN__DUPLICATE_METHOD_MATCH = YES;
				COPY_PHASE_STRIP = YES;
				DEBUG_INFORMATION_FORMAT = "dwarf-with-dsym";
				ENABLE_NS_ASSERTIONS = NO;
				GCC_C_LANGUAGE_STANDARD = gnu99;
				GCC_ENABLE_OBJC_EXCEPTIONS = YES;
				GCC_WARN_64_TO_32_BIT_CONVERSION = YES;
				GCC_WARN_ABOUT_RETURN_TYPE = YES_ERROR;
				GCC_WARN_UNDECLARED_SELECTOR = YES;
				GCC_WARN_UNINITIALIZED_AUTOS = YES;
				GCC_WARN_UNUSED_FUNCTION = YES;
				GCC_WARN_UNUSED_VARIABLE = YES;
				MACOSX_DEPLOYMENT_TARGET = 10.6;
				SDKROOT = macosx10.8;
			};
			name = Release;
		};
		363DBC771890EA3600603068 /* Debug */ = {
			isa = XCBuildConfiguration;
			buildSettings = {
				ARCHS = "$(ARCHS_STANDARD_32_64_BIT)";
				ASSETCATALOG_COMPILER_APPICON_NAME = AppIcon;
				CLANG_ENABLE_OBJC_ARC = NO;
				CLANG_LINK_OBJC_RUNTIME = NO;
				COMBINE_HIDPI_IMAGES = YES;
				GCC_PRECOMPILE_PREFIX_HEADER = YES;
				GCC_PREFIX_HEADER = "AV/AV-Prefix.pch";
				INFOPLIST_FILE = "AV/AV-Info.plist";
				LIBRARY_SEARCH_PATHS = (
					"$(inherited)",
					/Users/grahamwakefield/code/LuaAV4/osx/lib,
				);
				MACOSX_DEPLOYMENT_TARGET = 10.6;
				OTHER_LDFLAGS = (
					"-pagezero_size",
					10000,
					"-image_base",
					100000000,
				);
				PRODUCT_NAME = "$(TARGET_NAME)";
				SDKROOT = macosx10.6;
				WRAPPER_EXTENSION = app;
			};
			name = Debug;
		};
		363DBC781890EA3600603068 /* Release */ = {
			isa = XCBuildConfiguration;
			buildSettings = {
				ARCHS = "$(ARCHS_STANDARD_32_64_BIT)";
				ASSETCATALOG_COMPILER_APPICON_NAME = AppIcon;
				CLANG_ENABLE_OBJC_ARC = NO;
				CLANG_LINK_OBJC_RUNTIME = NO;
				COMBINE_HIDPI_IMAGES = YES;
				GCC_PRECOMPILE_PREFIX_HEADER = YES;
				GCC_PREFIX_HEADER = "AV/AV-Prefix.pch";
				INFOPLIST_FILE = "AV/AV-Info.plist";
				LIBRARY_SEARCH_PATHS = (
					"$(inherited)",
					/Users/grahamwakefield/code/LuaAV4/osx/lib,
				);
				MACOSX_DEPLOYMENT_TARGET = 10.6;
				OTHER_LDFLAGS = (
					"-pagezero_size",
					10000,
					"-image_base",
					100000000,
				);
				PRODUCT_NAME = "$(TARGET_NAME)";
				SDKROOT = macosx10.6;
				WRAPPER_EXTENSION = app;
			};
			name = Release;
		};
		36B6A5CE189269E100869769 /* Debug */ = {
			isa = XCBuildConfiguration;
			buildSettings = {
				DEBUGGING_SYMBOLS = YES;
				GCC_GENERATE_DEBUGGING_SYMBOLS = YES;
				GCC_OPTIMIZATION_LEVEL = 0;
				GCC_PREPROCESSOR_DEFINITIONS = (
					"DEBUG=1",
					"$(inherited)",
				);
				MACOSX_DEPLOYMENT_TARGET = 10.9;
				OTHER_CFLAGS = "";
				OTHER_LDFLAGS = "";
				PRODUCT_NAME = "$(TARGET_NAME)";
				SDKROOT = macosx;
			};
			name = Debug;
		};
		36B6A5CF189269E100869769 /* Release */ = {
			isa = XCBuildConfiguration;
			buildSettings = {
				MACOSX_DEPLOYMENT_TARGET = 10.9;
				OTHER_CFLAGS = "";
				OTHER_LDFLAGS = "";
				PRODUCT_NAME = "$(TARGET_NAME)";
				SDKROOT = macosx;
			};
			name = Release;
		};
/* End XCBuildConfiguration section */

/* Begin XCConfigurationList section */
		363DBC3D1890EA3500603068 /* Build configuration list for PBXProject "AV" */ = {
			isa = XCConfigurationList;
			buildConfigurations = (
				363DBC741890EA3600603068 /* Debug */,
				363DBC751890EA3600603068 /* Release */,
			);
			defaultConfigurationIsVisible = 0;
			defaultConfigurationName = Release;
		};
		363DBC761890EA3600603068 /* Build configuration list for PBXNativeTarget "LuaAV" */ = {
			isa = XCConfigurationList;
			buildConfigurations = (
				363DBC771890EA3600603068 /* Debug */,
				363DBC781890EA3600603068 /* Release */,
			);
			defaultConfigurationIsVisible = 0;
			defaultConfigurationName = Release;
		};
		36B6A5CD189269E100869769 /* Build configuration list for PBXLegacyTarget "libluajit.a" */ = {
			isa = XCConfigurationList;
			buildConfigurations = (
				36B6A5CE189269E100869769 /* Debug */,
				36B6A5CF189269E100869769 /* Release */,
			);
			defaultConfigurationIsVisible = 0;
		};
/* End XCConfigurationList section */
	};
	rootObject = 363DBC3A1890EA3500603068 /* Project object */;
}
